
Microsoft Visual Studio Solution File, Format Version 12.00
# Visual Studio Version 17
VisualStudioVersion = 17.8.34511.84
MinimumVisualStudioVersion = 10.0.40219.1
Project("{FAE04EC0-301F-11D3-BF4B-00C04F79EFBC}") = "UnitTestingTask", "UnitTestingTask\UnitTestingTask.csproj", "{78A8CA68-BA54-4019-80AB-6CDA985A512C}"
EndProject
Global
	GlobalSection(SolutionConfigurationPlatforms) = preSolution
		Debug|Any CPU = Debug|Any CPU
		Release|Any CPU = Release|Any CPU
	EndGlobalSection
	GlobalSection(ProjectConfigurationPlatforms) = postSolution
		{78A8CA68-BA54-4019-80AB-6CDA985A512C}.Debug|Any CPU.ActiveCfg = Debug|Any CPU
		{78A8CA68-BA54-4019-80AB-6CDA985A512C}.Debug|Any CPU.Build.0 = Debug|Any CPU
		{78A8CA68-BA54-4019-80AB-6CDA985A512C}.Release|Any CPU.ActiveCfg = Release|Any CPU
		{78A8CA68-BA54-4019-80AB-6CDA985A512C}.Release|Any CPU.Build.0 = Release|Any CPU
	EndGlobalSection
	GlobalSection(SolutionProperties) = preSolution
		HideSolutionNode = FALSE
	EndGlobalSection
	GlobalSection(ExtensibilityGlobals) = postSolution
		SolutionGuid = {C88611CE-3E6C-4A45-B547-DD3F9A86D493}
	EndGlobalSection
EndGlobal
